
Microsoft Visual Studio Solution File, Format Version 12.00
# Visual Studio Version 17
VisualStudioVersion = 17.3.32922.545
MinimumVisualStudioVersion = 10.0.40219.1
Project("{FAE04EC0-301F-11D3-BF4B-00C04F79EFBC}") = "TrackBar kontrola", "TrackBar kontrola.csproj", "{48DCE214-1C9D-4AF8-9D9D-9A4A8D722B13}"
EndProject
Global
	GlobalSection(SolutionConfigurationPlatforms) = preSolution
		Debug|Any CPU = Debug|Any CPU
		Release|Any CPU = Release|Any CPU
	EndGlobalSection
	GlobalSection(ProjectConfigurationPlatforms) = postSolution
		{48DCE214-1C9D-4AF8-9D9D-9A4A8D722B13}.Debug|Any CPU.ActiveCfg = Debug|Any CPU
		{48DCE214-1C9D-4AF8-9D9D-9A4A8D722B13}.Debug|Any CPU.Build.0 = Debug|Any CPU
		{48DCE214-1C9D-4AF8-9D9D-9A4A8D722B13}.Release|Any CPU.ActiveCfg = Release|Any CPU
		{48DCE214-1C9D-4AF8-9D9D-9A4A8D722B13}.Release|Any CPU.Build.0 = Release|Any CPU
	EndGlobalSection
	GlobalSection(SolutionProperties) = preSolution
		HideSolutionNode = FALSE
	EndGlobalSection
	GlobalSection(ExtensibilityGlobals) = postSolution
		SolutionGuid = {5242A00A-11CC-427D-9E53-3A7C0CC3270C}
	EndGlobalSection
EndGlobal
